
Microsoft Visual Studio Solution File, Format Version 12.00
# Visual Studio 15
VisualStudioVersion = 15.0.26228.9
MinimumVisualStudioVersion = 10.0.40219.1
Project("{9092AA53-FB77-4645-B42D-1CCCA6BD08BD}") = "chat-drop", "chat-drop.njsproj", "{EED4DDE2-3E2A-4422-8191-406E517CC283}"
EndProject
Global
	GlobalSection(SolutionConfigurationPlatforms) = preSolution
		Debug|Any CPU = Debug|Any CPU
		Release|Any CPU = Release|Any CPU
	EndGlobalSection
	GlobalSection(ProjectConfigurationPlatforms) = postSolution
		{EED4DDE2-3E2A-4422-8191-406E517CC283}.Debug|Any CPU.ActiveCfg = Debug|Any CPU
		{EED4DDE2-3E2A-4422-8191-406E517CC283}.Debug|Any CPU.Build.0 = Debug|Any CPU
		{EED4DDE2-3E2A-4422-8191-406E517CC283}.Release|Any CPU.ActiveCfg = Release|Any CPU
		{EED4DDE2-3E2A-4422-8191-406E517CC283}.Release|Any CPU.Build.0 = Release|Any CPU
	EndGlobalSection
	GlobalSection(SolutionProperties) = preSolution
		HideSolutionNode = FALSE
	EndGlobalSection
EndGlobal
